// !$*UTF8*$!
{
	archiveVersion = 1;
	classes = {
	};
	objectVersion = 56;
	objects = {

/* Begin PBXBuildFile section */
		5D95D2432B83E7C600FA61F6 /* AppDelegate.swift in Sources */ = {isa = PBXBuildFile; fileRef = 5D95D2422B83E7C600FA61F6 /* AppDelegate.swift */; };
		5D95D2452B83E7C600FA61F6 /* SceneDelegate.swift in Sources */ = {isa = PBXBuildFile; fileRef = 5D95D2442B83E7C600FA61F6 /* SceneDelegate.swift */; };
		5D95D2472B83E7C600FA61F6 /* ViewController.swift in Sources */ = {isa = PBXBuildFile; fileRef = 5D95D2462B83E7C600FA61F6 /* ViewController.swift */; };
		5D95D24A2B83E7C600FA61F6 /* Main.storyboard in Resources */ = {isa = PBXBuildFile; fileRef = 5D95D2482B83E7C600FA61F6 /* Main.storyboard */; };
		5D95D24C2B83E7C700FA61F6 /* Assets.xcassets in Resources */ = {isa = PBXBuildFile; fileRef = 5D95D24B2B83E7C700FA61F6 /* Assets.xcassets */; };
		5D95D24F2B83E7C700FA61F6 /* LaunchScreen.storyboard in Resources */ = {isa = PBXBuildFile; fileRef = 5D95D24D2B83E7C700FA61F6 /* LaunchScreen.storyboard */; };
		5D95D25A2B83E7C700FA61F6 /* CounterTests.swift in Sources */ = {isa = PBXBuildFile; fileRef = 5D95D2592B83E7C700FA61F6 /* CounterTests.swift */; };
		5D95D2642B83E7C700FA61F6 /* CounterUITests.swift in Sources */ = {isa = PBXBuildFile; fileRef = 5D95D2632B83E7C700FA61F6 /* CounterUITests.swift */; };
		5D95D2662B83E7C700FA61F6 /* CounterUITestsLaunchTests.swift in Sources */ = {isa = PBXBuildFile; fileRef = 5D95D2652B83E7C700FA61F6 /* CounterUITestsLaunchTests.swift */; };
/* End PBXBuildFile section */

/* Begin PBXContainerItemProxy section */
		5D95D2562B83E7C700FA61F6 /* PBXContainerItemProxy */ = {
			isa = PBXContainerItemProxy;
			containerPortal = 5D95D2372B83E7C500FA61F6 /* Project object */;
			proxyType = 1;
			remoteGlobalIDString = 5D95D23E2B83E7C600FA61F6;
			remoteInfo = Counter;
		};
		5D95D2602B83E7C700FA61F6 /* PBXContainerItemProxy */ = {
			isa = PBXContainerItemProxy;
			containerPortal = 5D95D2372B83E7C500FA61F6 /* Project object */;
			proxyType = 1;
			remoteGlobalIDString = 5D95D23E2B83E7C600FA61F6;
			remoteInfo = Counter;
		};
/* End PBXContainerItemProxy section */

/* Begin PBXFileReference section */
		5D95D23F2B83E7C600FA61F6 /* Counter.app */ = {isa = PBXFileReference; explicitFileType = wrapper.application; includeInIndex = 0; path = Counter.app; sourceTree = BUILT_PRODUCTS_DIR; };
		5D95D2422B83E7C600FA61F6 /* AppDelegate.swift */ = {isa = PBXFileReference; lastKnownFileType = sourcecode.swift; path = AppDelegate.swift; sourceTree = "<group>"; };
		5D95D2442B83E7C600FA61F6 /* SceneDelegate.swift */ = {isa = PBXFileReference; lastKnownFileType = sourcecode.swift; path = SceneDelegate.swift; sourceTree = "<group>"; };
		5D95D2462B83E7C600FA61F6 /* ViewController.swift */ = {isa = PBXFileReference; lastKnownFileType = sourcecode.swift; path = ViewController.swift; sourceTree = "<group>"; };
		5D95D2492B83E7C600FA61F6 /* Base */ = {isa = PBXFileReference; lastKnownFileType = file.storyboard; name = Base; path = Base.lproj/Main.storyboard; sourceTree = "<group>"; };
		5D95D24B2B83E7C700FA61F6 /* Assets.xcassets */ = {isa = PBXFileReference; lastKnownFileType = folder.assetcatalog; path = Assets.xcassets; sourceTree = "<group>"; };
		5D95D24E2B83E7C700FA61F6 /* Base */ = {isa = PBXFileReference; lastKnownFileType = file.storyboard; name = Base; path = Base.lproj/LaunchScreen.storyboard; sourceTree = "<group>"; };
		5D95D2502B83E7C700FA61F6 /* Info.plist */ = {isa = PBXFileReference; lastKnownFileType = text.plist.xml; path = Info.plist; sourceTree = "<group>"; };
		5D95D2552B83E7C700FA61F6 /* CounterTests.xctest */ = {isa = PBXFileReference; explicitFileType = wrapper.cfbundle; includeInIndex = 0; path = CounterTests.xctest; sourceTree = BUILT_PRODUCTS_DIR; };
		5D95D2592B83E7C700FA61F6 /* CounterTests.swift */ = {isa = PBXFileReference; lastKnownFileType = sourcecode.swift; path = CounterTests.swift; sourceTree = "<group>"; };
		5D95D25F2B83E7C700FA61F6 /* CounterUITests.xctest */ = {isa = PBXFileReference; explicitFileType = wrapper.cfbundle; includeInIndex = 0; path = CounterUITests.xctest; sourceTree = BUILT_PRODUCTS_DIR; };
		5D95D2632B83E7C700FA61F6 /* CounterUITests.swift */ = {isa = PBXFileReference; lastKnownFileType = sourcecode.swift; path = CounterUITests.swift; sourceTree = "<group>"; };
		5D95D2652B83E7C700FA61F6 /* CounterUITestsLaunchTests.swift */ = {isa = PBXFileReference; lastKnownFileType = sourcecode.swift; path = CounterUITestsLaunchTests.swift; sourceTree = "<group>"; };
/* End PBXFileReference section */

/* Begin PBXFrameworksBuildPhase section */
		5D95D23C2B83E7C600FA61F6 /* Frameworks */ = {
			isa = PBXFrameworksBuildPhase;
			buildActionMask = 2147483647;
			files = (
			);
			runOnlyForDeploymentPostprocessing = 0;
		};
		5D95D2522B83E7C700FA61F6 /* Frameworks */ = {
			isa = PBXFrameworksBuildPhase;
			buildActionMask = 2147483647;
			files = (
			);
			runOnlyForDeploymentPostprocessing = 0;
		};
		5D95D25C2B83E7C700FA61F6 /* Frameworks */ = {
			isa = PBXFrameworksBuildPhase;
			buildActionMask = 2147483647;
			files = (
			);
			runOnlyForDeploymentPostprocessing = 0;
		};
/* End PBXFrameworksBuildPhase section */

/* Begin PBXGroup section */
		5D95D2362B83E7C500FA61F6 = {
			isa = PBXGroup;
			children = (
				5D95D2412B83E7C600FA61F6 /* Counter */,
				5D95D2582B83E7C700FA61F6 /* CounterTests */,
				5D95D2622B83E7C700FA61F6 /* CounterUITests */,
				5D95D2402B83E7C600FA61F6 /* Products */,
			);
			sourceTree = "<group>";
		};
		5D95D2402B83E7C600FA61F6 /* Products */ = {
			isa = PBXGroup;
			children = (
				5D95D23F2B83E7C600FA61F6 /* Counter.app */,
				5D95D2552B83E7C700FA61F6 /* CounterTests.xctest */,
				5D95D25F2B83E7C700FA61F6 /* CounterUITests.xctest */,
			);
			name = Products;
			sourceTree = "<group>";
		};
		5D95D2412B83E7C600FA61F6 /* Counter */ = {
			isa = PBXGroup;
			children = (
				5D95D2422B83E7C600FA61F6 /* AppDelegate.swift */,
				5D95D2442B83E7C600FA61F6 /* SceneDelegate.swift */,
				5D95D2462B83E7C600FA61F6 /* ViewController.swift */,
				5D95D2482B83E7C600FA61F6 /* Main.storyboard */,
				5D95D24B2B83E7C700FA61F6 /* Assets.xcassets */,
				5D95D24D2B83E7C700FA61F6 /* LaunchScreen.storyboard */,
				5D95D2502B83E7C700FA61F6 /* Info.plist */,
			);
			path = Counter;
			sourceTree = "<group>";
		};
		5D95D2582B83E7C700FA61F6 /* CounterTests */ = {
			isa = PBXGroup;
			children = (
				5D95D2592B83E7C700FA61F6 /* CounterTests.swift */,
			);
			path = CounterTests;
			sourceTree = "<group>";
		};
		5D95D2622B83E7C700FA61F6 /* CounterUITests */ = {
			isa = PBXGroup;
			children = (
				5D95D2632B83E7C700FA61F6 /* CounterUITests.swift */,
				5D95D2652B83E7C700FA61F6 /* CounterUITestsLaunchTests.swift */,
			);
			path = CounterUITests;
			sourceTree = "<group>";
		};
/* End PBXGroup section */

/* Begin PBXNativeTarget section */
		5D95D23E2B83E7C600FA61F6 /* Counter */ = {
			isa = PBXNativeTarget;
			buildConfigurationList = 5D95D2692B83E7C700FA61F6 /* Build configuration list for PBXNativeTarget "Counter" */;
			buildPhases = (
				5D95D23B2B83E7C600FA61F6 /* Sources */,
				5D95D23C2B83E7C600FA61F6 /* Frameworks */,
				5D95D23D2B83E7C600FA61F6 /* Resources */,
			);
			buildRules = (
			);
			dependencies = (
			);
			name = Counter;
			productName = Counter;
			productReference = 5D95D23F2B83E7C600FA61F6 /* Counter.app */;
			productType = "com.apple.product-type.application";
		};
		5D95D2542B83E7C700FA61F6 /* CounterTests */ = {
			isa = PBXNativeTarget;
			buildConfigurationList = 5D95D26C2B83E7C700FA61F6 /* Build configuration list for PBXNativeTarget "CounterTests" */;
			buildPhases = (
				5D95D2512B83E7C700FA61F6 /* Sources */,
				5D95D2522B83E7C700FA61F6 /* Frameworks */,
				5D95D2532B83E7C700FA61F6 /* Resources */,
			);
			buildRules = (
			);
			dependencies = (
				5D95D2572B83E7C700FA61F6 /* PBXTargetDependency */,
			);
			name = CounterTests;
			productName = CounterTests;
			productReference = 5D95D2552B83E7C700FA61F6 /* CounterTests.xctest */;
			productType = "com.apple.product-type.bundle.unit-test";
		};
		5D95D25E2B83E7C700FA61F6 /* CounterUITests */ = {
			isa = PBXNativeTarget;
			buildConfigurationList = 5D95D26F2B83E7C700FA61F6 /* Build configuration list for PBXNativeTarget "CounterUITests" */;
			buildPhases = (
				5D95D25B2B83E7C700FA61F6 /* Sources */,
				5D95D25C2B83E7C700FA61F6 /* Frameworks */,
				5D95D25D2B83E7C700FA61F6 /* Resources */,
			);
			buildRules = (
			);
			dependencies = (
				5D95D2612B83E7C700FA61F6 /* PBXTargetDependency */,
			);
			name = CounterUITests;
			productName = CounterUITests;
			productReference = 5D95D25F2B83E7C700FA61F6 /* CounterUITests.xctest */;
			productType = "com.apple.product-type.bundle.ui-testing";
		};
/* End PBXNativeTarget section */

/* Begin PBXProject section */
		5D95D2372B83E7C500FA61F6 /* Project object */ = {
			isa = PBXProject;
			attributes = {
				BuildIndependentTargetsInParallel = 1;
				LastSwiftUpdateCheck = 1520;
				LastUpgradeCheck = 1520;
				TargetAttributes = {
					5D95D23E2B83E7C600FA61F6 = {
						CreatedOnToolsVersion = 15.2;
					};
					5D95D2542B83E7C700FA61F6 = {
						CreatedOnToolsVersion = 15.2;
						TestTargetID = 5D95D23E2B83E7C600FA61F6;
					};
					5D95D25E2B83E7C700FA61F6 = {
						CreatedOnToolsVersion = 15.2;
						TestTargetID = 5D95D23E2B83E7C600FA61F6;
					};
				};
			};
			buildConfigurationList = 5D95D23A2B83E7C500FA61F6 /* Build configuration list for PBXProject "Counter" */;
			compatibilityVersion = "Xcode 14.0";
			developmentRegion = en;
			hasScannedForEncodings = 0;
			knownRegions = (
				en,
				Base,
			);
			mainGroup = 5D95D2362B83E7C500FA61F6;
			productRefGroup = 5D95D2402B83E7C600FA61F6 /* Products */;
			projectDirPath = "";
			projectRoot = "";
			targets = (
				5D95D23E2B83E7C600FA61F6 /* Counter */,
				5D95D2542B83E7C700FA61F6 /* CounterTests */,
				5D95D25E2B83E7C700FA61F6 /* CounterUITests */,
			);
		};
/* End PBXProject section */

/* Begin PBXResourcesBuildPhase section */
		5D95D23D2B83E7C600FA61F6 /* Resources */ = {
			isa = PBXResourcesBuildPhase;
			buildActionMask = 2147483647;
			files = (
				5D95D24F2B83E7C700FA61F6 /* LaunchScreen.storyboard in Resources */,
				5D95D24C2B83E7C700FA61F6 /* Assets.xcassets in Resources */,
				5D95D24A2B83E7C600FA61F6 /* Main.storyboard in Resources */,
			);
			runOnlyForDeploymentPostprocessing = 0;
		};
		5D95D2532B83E7C700FA61F6 /* Resources */ = {
			isa = PBXResourcesBuildPhase;
			buildActionMask = 2147483647;
			files = (
			);
			runOnlyForDeploymentPostprocessing = 0;
		};
		5D95D25D2B83E7C700FA61F6 /* Resources */ = {
			isa = PBXResourcesBuildPhase;
			buildActionMask = 2147483647;
			files = (
			);
			runOnlyForDeploymentPostprocessing = 0;
		};
/* End PBXResourcesBuildPhase section */

/* Begin PBXSourcesBuildPhase section */
		5D95D23B2B83E7C600FA61F6 /* Sources */ = {
			isa = PBXSourcesBuildPhase;
			buildActionMask = 2147483647;
			files = (
				5D95D2472B83E7C600FA61F6 /* ViewController.swift in Sources */,
				5D95D2432B83E7C600FA61F6 /* AppDelegate.swift in Sources */,
				5D95D2452B83E7C600FA61F6 /* SceneDelegate.swift in Sources */,
			);
			runOnlyForDeploymentPostprocessing = 0;
		};
		5D95D2512B83E7C700FA61F6 /* Sources */ = {
			isa = PBXSourcesBuildPhase;
			buildActionMask = 2147483647;
			files = (
				5D95D25A2B83E7C700FA61F6 /* CounterTests.swift in Sources */,
			);
			runOnlyForDeploymentPostprocessing = 0;
		};
		5D95D25B2B83E7C700FA61F6 /* Sources */ = {
			isa = PBXSourcesBuildPhase;
			buildActionMask = 2147483647;
			files = (
				5D95D2642B83E7C700FA61F6 /* CounterUITests.swift in Sources */,
				5D95D2662B83E7C700FA61F6 /* CounterUITestsLaunchTests.swift in Sources */,
			);
			runOnlyForDeploymentPostprocessing = 0;
		};
/* End PBXSourcesBuildPhase section */

/* Begin PBXTargetDependency section */
		5D95D2572B83E7C700FA61F6 /* PBXTargetDependency */ = {
			isa = PBXTargetDependency;
			target = 5D95D23E2B83E7C600FA61F6 /* Counter */;
			targetProxy = 5D95D2562B83E7C700FA61F6 /* PBXContainerItemProxy */;
		};
		5D95D2612B83E7C700FA61F6 /* PBXTargetDependency */ = {
			isa = PBXTargetDependency;
			target = 5D95D23E2B83E7C600FA61F6 /* Counter */;
			targetProxy = 5D95D2602B83E7C700FA61F6 /* PBXContainerItemProxy */;
		};
/* End PBXTargetDependency section */

/* Begin PBXVariantGroup section */
		5D95D2482B83E7C600FA61F6 /* Main.storyboard */ = {
			isa = PBXVariantGroup;
			children = (
				5D95D2492B83E7C600FA61F6 /* Base */,
			);
			name = Main.storyboard;
			sourceTree = "<group>";
		};
		5D95D24D2B83E7C700FA61F6 /* LaunchScreen.storyboard */ = {
			isa = PBXVariantGroup;
			children = (
				5D95D24E2B83E7C700FA61F6 /* Base */,
			);
			name = LaunchScreen.storyboard;
			sourceTree = "<group>";
		};
/* End PBXVariantGroup section */

/* Begin XCBuildConfiguration section */
		5D95D2672B83E7C700FA61F6 /* Debug */ = {
			isa = XCBuildConfiguration;
			buildSettings = {
				ALWAYS_SEARCH_USER_PATHS = NO;
				ASSETCATALOG_COMPILER_GENERATE_SWIFT_ASSET_SYMBOL_EXTENSIONS = YES;
				CLANG_ANALYZER_NONNULL = YES;
				CLANG_ANALYZER_NUMBER_OBJECT_CONVERSION = YES_AGGRESSIVE;
				CLANG_CXX_LANGUAGE_STANDARD = "gnu++20";
				CLANG_ENABLE_MODULES = YES;
				CLANG_ENABLE_OBJC_ARC = YES;
				CLANG_ENABLE_OBJC_WEAK = YES;
				CLANG_WARN_BLOCK_CAPTURE_AUTORELEASING = YES;
				CLANG_WARN_BOOL_CONVERSION = YES;
				CLANG_WARN_COMMA = YES;
				CLANG_WARN_CONSTANT_CONVERSION = YES;
				CLANG_WARN_DEPRECATED_OBJC_IMPLEMENTATIONS = YES;
				CLANG_WARN_DIRECT_OBJC_ISA_USAGE = YES_ERROR;
				CLANG_WARN_DOCUMENTATION_COMMENTS = YES;
				CLANG_WARN_EMPTY_BODY = YES;
				CLANG_WARN_ENUM_CONVERSION = YES;
				CLANG_WARN_INFINITE_RECURSION = YES;
				CLANG_WARN_INT_CONVERSION = YES;
				CLANG_WARN_NON_LITERAL_NULL_CONVERSION = YES;
				CLANG_WARN_OBJC_IMPLICIT_RETAIN_SELF = YES;
				CLANG_WARN_OBJC_LITERAL_CONVERSION = YES;
				CLANG_WARN_OBJC_ROOT_CLASS = YES_ERROR;
				CLANG_WARN_QUOTED_INCLUDE_IN_FRAMEWORK_HEADER = YES;
				CLANG_WARN_RANGE_LOOP_ANALYSIS = YES;
				CLANG_WARN_STRICT_PROTOTYPES = YES;
				CLANG_WARN_SUSPICIOUS_MOVE = YES;
				CLANG_WARN_UNGUARDED_AVAILABILITY = YES_AGGRESSIVE;
				CLANG_WARN_UNREACHABLE_CODE = YES;
				CLANG_WARN__DUPLICATE_METHOD_MATCH = YES;
				COPY_PHASE_STRIP = NO;
				DEBUG_INFORMATION_FORMAT = dwarf;
				ENABLE_STRICT_OBJC_MSGSEND = YES;
				ENABLE_TESTABILITY = YES;
				ENABLE_USER_SCRIPT_SANDBOXING = YES;
				GCC_C_LANGUAGE_STANDARD = gnu17;
				GCC_DYNAMIC_NO_PIC = NO;
				GCC_NO_COMMON_BLOCKS = YES;
				GCC_OPTIMIZATION_LEVEL = 0;
				GCC_PREPROCESSOR_DEFINITIONS = (
					"DEBUG=1",
					"$(inherited)",
				);
				GCC_WARN_64_TO_32_BIT_CONVERSION = YES;
				GCC_WARN_ABOUT_RETURN_TYPE = YES_ERROR;
				GCC_WARN_UNDECLARED_SELECTOR = YES;
				GCC_WARN_UNINITIALIZED_AUTOS = YES_AGGRESSIVE;
				GCC_WARN_UNUSED_FUNCTION = YES;
				GCC_WARN_UNUSED_VARIABLE = YES;
				IPHONEOS_DEPLOYMENT_TARGET = 17.2;
				LOCALIZATION_PREFERS_STRING_CATALOGS = YES;
				MTL_ENABLE_DEBUG_INFO = INCLUDE_SOURCE;
				MTL_FAST_MATH = YES;
				ONLY_ACTIVE_ARCH = YES;
				SDKROOT = iphoneos;
				SWIFT_ACTIVE_COMPILATION_CONDITIONS = "DEBUG $(inherited)";
				SWIFT_OPTIMIZATION_LEVEL = "-Onone";
			};
			name = Debug;
		};
		5D95D2682B83E7C700FA61F6 /* Release */ = {
			isa = XCBuildConfiguration;
			buildSettings = {
				ALWAYS_SEARCH_USER_PATHS = NO;
				ASSETCATALOG_COMPILER_GENERATE_SWIFT_ASSET_SYMBOL_EXTENSIONS = YES;
				CLANG_ANALYZER_NONNULL = YES;
				CLANG_ANALYZER_NUMBER_OBJECT_CONVERSION = YES_AGGRESSIVE;
				CLANG_CXX_LANGUAGE_STANDARD = "gnu++20";
				CLANG_ENABLE_MODULES = YES;
				CLANG_ENABLE_OBJC_ARC = YES;
				CLANG_ENABLE_OBJC_WEAK = YES;
				CLANG_WARN_BLOCK_CAPTURE_AUTORELEASING = YES;
				CLANG_WARN_BOOL_CONVERSION = YES;
				CLANG_WARN_COMMA = YES;
				CLANG_WARN_CONSTANT_CONVERSION = YES;
				CLANG_WARN_DEPRECATED_OBJC_IMPLEMENTATIONS = YES;
				CLANG_WARN_DIRECT_OBJC_ISA_USAGE = YES_ERROR;
				CLANG_WARN_DOCUMENTATION_COMMENTS = YES;
				CLANG_WARN_EMPTY_BODY = YES;
				CLANG_WARN_ENUM_CONVERSION = YES;
				CLANG_WARN_INFINITE_RECURSION = YES;
				CLANG_WARN_INT_CONVERSION = YES;
				CLANG_WARN_NON_LITERAL_NULL_CONVERSION = YES;
				CLANG_WARN_OBJC_IMPLICIT_RETAIN_SELF = YES;
				CLANG_WARN_OBJC_LITERAL_CONVERSION = YES;
				CLANG_WARN_OBJC_ROOT_CLASS = YES_ERROR;
				CLANG_WARN_QUOTED_INCLUDE_IN_FRAMEWORK_HEADER = YES;
				CLANG_WARN_RANGE_LOOP_ANALYSIS = YES;
				CLANG_WARN_STRICT_PROTOTYPES = YES;
				CLANG_WARN_SUSPICIOUS_MOVE = YES;
				CLANG_WARN_UNGUARDED_AVAILABILITY = YES_AGGRESSIVE;
				CLANG_WARN_UNREACHABLE_CODE = YES;
				CLANG_WARN__DUPLICATE_METHOD_MATCH = YES;
				COPY_PHASE_STRIP = NO;
				DEBUG_INFORMATION_FORMAT = "dwarf-with-dsym";
				ENABLE_NS_ASSERTIONS = NO;
				ENABLE_STRICT_OBJC_MSGSEND = YES;
				ENABLE_USER_SCRIPT_SANDBOXING = YES;
				GCC_C_LANGUAGE_STANDARD = gnu17;
				GCC_NO_COMMON_BLOCKS = YES;
				GCC_WARN_64_TO_32_BIT_CONVERSION = YES;
				GCC_WARN_ABOUT_RETURN_TYPE = YES_ERROR;
				GCC_WARN_UNDECLARED_SELECTOR = YES;
				GCC_WARN_UNINITIALIZED_AUTOS = YES_AGGRESSIVE;
				GCC_WARN_UNUSED_FUNCTION = YES;
				GCC_WARN_UNUSED_VARIABLE = YES;
				IPHONEOS_DEPLOYMENT_TARGET = 17.2;
				LOCALIZATION_PREFERS_STRING_CATALOGS = YES;
				MTL_ENABLE_DEBUG_INFO = NO;
				MTL_FAST_MATH = YES;
				SDKROOT = iphoneos;
				SWIFT_COMPILATION_MODE = wholemodule;
				VALIDATE_PRODUCT = YES;
			};
			name = Release;
		};
		5D95D26A2B83E7C700FA61F6 /* Debug */ = {
			isa = XCBuildConfiguration;
			buildSettings = {
				ASSETCATALOG_COMPILER_APPICON_NAME = AppIcon;
				ASSETCATALOG_COMPILER_GLOBAL_ACCENT_COLOR_NAME = AccentColor;
				CODE_SIGN_STYLE = Automatic;
				CURRENT_PROJECT_VERSION = 1;
				DEVELOPMENT_TEAM = 67NUJVZ5N4;
				GENERATE_INFOPLIST_FILE = YES;
				INFOPLIST_FILE = Counter/Info.plist;
				INFOPLIST_KEY_UIApplicationSupportsIndirectInputEvents = YES;
				INFOPLIST_KEY_UILaunchStoryboardName = LaunchScreen;
				INFOPLIST_KEY_UIMainStoryboardFile = Main;
				INFOPLIST_KEY_UISupportedInterfaceOrientations = UIInterfaceOrientationPortrait;
				LD_RUNPATH_SEARCH_PATHS = (
					"$(inherited)",
					"@executable_path/Frameworks",
				);
				MARKETING_VERSION = 1.0;
				PRODUCT_BUNDLE_IDENTIFIER = com.ihohlov.Counter;
				PRODUCT_NAME = "$(TARGET_NAME)";
				SWIFT_EMIT_LOC_STRINGS = YES;
				SWIFT_VERSION = 5.0;
				TARGETED_DEVICE_FAMILY = "1,2";
			};
			name = Debug;
		};
		5D95D26B2B83E7C700FA61F6 /* Release */ = {
			isa = XCBuildConfiguration;
			buildSettings = {
				ASSETCATALOG_COMPILER_APPICON_NAME = AppIcon;
				ASSETCATALOG_COMPILER_GLOBAL_ACCENT_COLOR_NAME = AccentColor;
				CODE_SIGN_STYLE = Automatic;
				CURRENT_PROJECT_VERSION = 1;
				DEVELOPMENT_TEAM = 67NUJVZ5N4;
				GENERATE_INFOPLIST_FILE = YES;
				INFOPLIST_FILE = Counter/Info.plist;
				INFOPLIST_KEY_UIApplicationSupportsIndirectInputEvents = YES;
				INFOPLIST_KEY_UILaunchStoryboardName = LaunchScreen;
				INFOPLIST_KEY_UIMainStoryboardFile = Main;
				INFOPLIST_KEY_UISupportedInterfaceOrientations = UIInterfaceOrientationPortrait;
				LD_RUNPATH_SEARCH_PATHS = (
					"$(inherited)",
					"@executable_path/Frameworks",
				);
				MARKETING_VERSION = 1.0;
				PRODUCT_BUNDLE_IDENTIFIER = com.ihohlov.Counter;
				PRODUCT_NAME = "$(TARGET_NAME)";
				SWIFT_EMIT_LOC_STRINGS = YES;
				SWIFT_VERSION = 5.0;
				TARGETED_DEVICE_FAMILY = "1,2";
			};
			name = Release;
		};
		5D95D26D2B83E7C700FA61F6 /* Debug */ = {
			isa = XCBuildConfiguration;
			buildSettings = {
				ALWAYS_EMBED_SWIFT_STANDARD_LIBRARIES = YES;
				BUNDLE_LOADER = "$(TEST_HOST)";
				CODE_SIGN_STYLE = Automatic;
				CURRENT_PROJECT_VERSION = 1;
				DEVELOPMENT_TEAM = 67NUJVZ5N4;
				GENERATE_INFOPLIST_FILE = YES;
				IPHONEOS_DEPLOYMENT_TARGET = 17.2;
				MARKETING_VERSION = 1.0;
				PRODUCT_BUNDLE_IDENTIFIER = com.ihohlov.CounterTests;
				PRODUCT_NAME = "$(TARGET_NAME)";
				SWIFT_EMIT_LOC_STRINGS = NO;
				SWIFT_VERSION = 5.0;
				TARGETED_DEVICE_FAMILY = "1,2";
				TEST_HOST = "$(BUILT_PRODUCTS_DIR)/Counter.app/$(BUNDLE_EXECUTABLE_FOLDER_PATH)/Counter";
			};
			name = Debug;
		};
		5D95D26E2B83E7C700FA61F6 /* Release */ = {
			isa = XCBuildConfiguration;
			buildSettings = {
				ALWAYS_EMBED_SWIFT_STANDARD_LIBRARIES = YES;
				BUNDLE_LOADER = "$(TEST_HOST)";
				CODE_SIGN_STYLE = Automatic;
				CURRENT_PROJECT_VERSION = 1;
				DEVELOPMENT_TEAM = 67NUJVZ5N4;
				GENERATE_INFOPLIST_FILE = YES;
				IPHONEOS_DEPLOYMENT_TARGET = 17.2;
				MARKETING_VERSION = 1.0;
				PRODUCT_BUNDLE_IDENTIFIER = com.ihohlov.CounterTests;
				PRODUCT_NAME = "$(TARGET_NAME)";
				SWIFT_EMIT_LOC_STRINGS = NO;
				SWIFT_VERSION = 5.0;
				TARGETED_DEVICE_FAMILY = "1,2";
				TEST_HOST = "$(BUILT_PRODUCTS_DIR)/Counter.app/$(BUNDLE_EXECUTABLE_FOLDER_PATH)/Counter";
			};
			name = Release;
		};
		5D95D2702B83E7C700FA61F6 /* Debug */ = {
			isa = XCBuildConfiguration;
			buildSettings = {
				ALWAYS_EMBED_SWIFT_STANDARD_LIBRARIES = YES;
				CODE_SIGN_STYLE = Automatic;
				CURRENT_PROJECT_VERSION = 1;
				DEVELOPMENT_TEAM = 67NUJVZ5N4;
				GENERATE_INFOPLIST_FILE = YES;
				MARKETING_VERSION = 1.0;
				PRODUCT_BUNDLE_IDENTIFIER = com.ihohlov.CounterUITests;
				PRODUCT_NAME = "$(TARGET_NAME)";
				SWIFT_EMIT_LOC_STRINGS = NO;
				SWIFT_VERSION = 5.0;
				TARGETED_DEVICE_FAMILY = "1,2";
				TEST_TARGET_NAME = Counter;
			};
			name = Debug;
		};
		5D95D2712B83E7C700FA61F6 /* Release */ = {
			isa = XCBuildConfiguration;
			buildSettings = {
				ALWAYS_EMBED_SWIFT_STANDARD_LIBRARIES = YES;
				CODE_SIGN_STYLE = Automatic;
				CURRENT_PROJECT_VERSION = 1;
				DEVELOPMENT_TEAM = 67NUJVZ5N4;
				GENERATE_INFOPLIST_FILE = YES;
				MARKETING_VERSION = 1.0;
				PRODUCT_BUNDLE_IDENTIFIER = com.ihohlov.CounterUITests;
				PRODUCT_NAME = "$(TARGET_NAME)";
				SWIFT_EMIT_LOC_STRINGS = NO;
				SWIFT_VERSION = 5.0;
				TARGETED_DEVICE_FAMILY = "1,2";
				TEST_TARGET_NAME = Counter;
			};
			name = Release;
		};
/* End XCBuildConfiguration section */

/* Begin XCConfigurationList section */
		5D95D23A2B83E7C500FA61F6 /* Build configuration list for PBXProject "Counter" */ = {
			isa = XCConfigurationList;
			buildConfigurations = (
				5D95D2672B83E7C700FA61F6 /* Debug */,
				5D95D2682B83E7C700FA61F6 /* Release */,
			);
			defaultConfigurationIsVisible = 0;
			defaultConfigurationName = Release;
		};
		5D95D2692B83E7C700FA61F6 /* Build configuration list for PBXNativeTarget "Counter" */ = {
			isa = XCConfigurationList;
			buildConfigurations = (
				5D95D26A2B83E7C700FA61F6 /* Debug */,
				5D95D26B2B83E7C700FA61F6 /* Release */,
			);
			defaultConfigurationIsVisible = 0;
			defaultConfigurationName = Release;
		};
		5D95D26C2B83E7C700FA61F6 /* Build configuration list for PBXNativeTarget "CounterTests" */ = {
			isa = XCConfigurationList;
			buildConfigurations = (
				5D95D26D2B83E7C700FA61F6 /* Debug */,
				5D95D26E2B83E7C700FA61F6 /* Release */,
			);
			defaultConfigurationIsVisible = 0;
			defaultConfigurationName = Release;
		};
		5D95D26F2B83E7C700FA61F6 /* Build configuration list for PBXNativeTarget "CounterUITests" */ = {
			isa = XCConfigurationList;
			buildConfigurations = (
				5D95D2702B83E7C700FA61F6 /* Debug */,
				5D95D2712B83E7C700FA61F6 /* Release */,
			);
			defaultConfigurationIsVisible = 0;
			defaultConfigurationName = Release;
		};
/* End XCConfigurationList section */
	};
	rootObject = 5D95D2372B83E7C500FA61F6 /* Project object */;
}
